
Microsoft Visual Studio Solution File, Format Version 12.00
# Visual Studio Version 17
VisualStudioVersion = 17.8.34525.116
MinimumVisualStudioVersion = 10.0.40219.1
Project("{FAE04EC0-301F-11D3-BF4B-00C04F79EFBC}") = "Workaround", "Workaround\Workaround.csproj", "{1D9318FD-BCBD-4701-8332-A55743D26A9D}"
EndProject
Project("{FAE04EC0-301F-11D3-BF4B-00C04F79EFBC}") = "Entities", "Entities\Entities.csproj", "{8E01C13A-C783-41EB-BC02-EDFA855B41DF}"
EndProject
Project("{FAE04EC0-301F-11D3-BF4B-00C04F79EFBC}") = "Business", "Business\Business.csproj", "{C7DEC97B-36EB-4ACA-AA73-CDE639083914}"
EndProject
Global
	GlobalSection(SolutionConfigurationPlatforms) = preSolution
		Debug|Any CPU = Debug|Any CPU
		Release|Any CPU = Release|Any CPU
	EndGlobalSection
	GlobalSection(ProjectConfigurationPlatforms) = postSolution
		{1D9318FD-BCBD-4701-8332-A55743D26A9D}.Debug|Any CPU.ActiveCfg = Debug|Any CPU
		{1D9318FD-BCBD-4701-8332-A55743D26A9D}.Debug|Any CPU.Build.0 = Debug|Any CPU
		{1D9318FD-BCBD-4701-8332-A55743D26A9D}.Release|Any CPU.ActiveCfg = Release|Any CPU
		{1D9318FD-BCBD-4701-8332-A55743D26A9D}.Release|Any CPU.Build.0 = Release|Any CPU
		{8E01C13A-C783-41EB-BC02-EDFA855B41DF}.Debug|Any CPU.ActiveCfg = Debug|Any CPU
		{8E01C13A-C783-41EB-BC02-EDFA855B41DF}.Debug|Any CPU.Build.0 = Debug|Any CPU
		{8E01C13A-C783-41EB-BC02-EDFA855B41DF}.Release|Any CPU.ActiveCfg = Release|Any CPU
		{8E01C13A-C783-41EB-BC02-EDFA855B41DF}.Release|Any CPU.Build.0 = Release|Any CPU
		{C7DEC97B-36EB-4ACA-AA73-CDE639083914}.Debug|Any CPU.ActiveCfg = Debug|Any CPU
		{C7DEC97B-36EB-4ACA-AA73-CDE639083914}.Debug|Any CPU.Build.0 = Debug|Any CPU
		{C7DEC97B-36EB-4ACA-AA73-CDE639083914}.Release|Any CPU.ActiveCfg = Release|Any CPU
		{C7DEC97B-36EB-4ACA-AA73-CDE639083914}.Release|Any CPU.Build.0 = Release|Any CPU
	EndGlobalSection
	GlobalSection(SolutionProperties) = preSolution
		HideSolutionNode = FALSE
	EndGlobalSection
	GlobalSection(ExtensibilityGlobals) = postSolution
		SolutionGuid = {F834689F-8005-489E-A13A-88F47A99C45E}
	EndGlobalSection
EndGlobal
